
Microsoft Visual Studio Solution File, Format Version 12.00
# Visual Studio Version 16
VisualStudioVersion = 16.0.31005.135
MinimumVisualStudioVersion = 10.0.40219.1
Project("{FAE04EC0-301F-11D3-BF4B-00C04F79EFBC}") = "9", "9\9.csproj", "{AC68A6C0-7B0C-4F2A-85C7-841A70B9F767}"
EndProject
Global
	GlobalSection(SolutionConfigurationPlatforms) = preSolution
		Debug|Any CPU = Debug|Any CPU
		Release|Any CPU = Release|Any CPU
	EndGlobalSection
	GlobalSection(ProjectConfigurationPlatforms) = postSolution
		{AC68A6C0-7B0C-4F2A-85C7-841A70B9F767}.Debug|Any CPU.ActiveCfg = Debug|Any CPU
		{AC68A6C0-7B0C-4F2A-85C7-841A70B9F767}.Debug|Any CPU.Build.0 = Debug|Any CPU
		{AC68A6C0-7B0C-4F2A-85C7-841A70B9F767}.Release|Any CPU.ActiveCfg = Release|Any CPU
		{AC68A6C0-7B0C-4F2A-85C7-841A70B9F767}.Release|Any CPU.Build.0 = Release|Any CPU
	EndGlobalSection
	GlobalSection(SolutionProperties) = preSolution
		HideSolutionNode = FALSE
	EndGlobalSection
	GlobalSection(ExtensibilityGlobals) = postSolution
		SolutionGuid = {DC302768-4AA5-4DD6-ADC8-1E6F053C8113}
	EndGlobalSection
EndGlobal
